# This file is generated by running "yarn install" inside your project.
# Manual changes might be lost - proceed with caution!

__metadata:
  version: 8
  cacheKey: 10c0

"@babylonjs/core@npm:^5.43.2":
  version: 5.57.1
  resolution: "@babylonjs/core@npm:5.57.1"
  checksum: 10c0/e3c9a2e005321642e0acafe5e75f60c15b8a1bd5a7481f67095aec3391dd4eb780f4e0bb8ad30bef3e6ff65328459da5f31daf5dc926026228e2a9a8ea943950
  languageName: node
  linkType: hard

"@babylonjs/loaders@npm:^5.43.2":
  version: 5.57.1
  resolution: "@babylonjs/loaders@npm:5.57.1"
  peerDependencies:
    "@babylonjs/core": ^5.22.0
    babylonjs-gltf2interface: ^5.22.0
  checksum: 10c0/981847e63a7596569826a695fde9607a49a96f6a2a4943e983682de6410dca89622a6e370e5cfb71a52c7c5350c792d660e94c509fcb54d6f314eddd5931fd17
  languageName: node
  linkType: hard

"@babylonjs/materials@npm:^5.43.2":
  version: 5.57.1
  resolution: "@babylonjs/materials@npm:5.57.1"
  peerDependencies:
    "@babylonjs/core": ^5.22.0
  checksum: 10c0/211d923d965e43fdf6f9820030de59bb0d9434c2bee208d15ca8e05548ed143e30a57c323aba7746a59d7b98f834487e13d6337ce644f4b98c82f9cde82de37f
  languageName: node
  linkType: hard

"@esbuild/android-arm@npm:0.15.18":
  version: 0.15.18
  resolution: "@esbuild/android-arm@npm:0.15.18"
  conditions: os=android & cpu=arm
  languageName: node
  linkType: hard

"@esbuild/linux-loong64@npm:0.15.18":
  version: 0.15.18
  resolution: "@esbuild/linux-loong64@npm:0.15.18"
  conditions: os=linux & cpu=loong64
  languageName: node
  linkType: hard

"@gar/promise-retry@npm:^1.0.0":
  version: 1.0.3
  resolution: "@gar/promise-retry@npm:1.0.3"
  checksum: 10c0/885b02c8b0d75b2d215da25f3b639158c4fbe8fefe0d79163304534b9a6d0710db4b7699f7cd3cc1a730792bff04cbe19f4850a62d3e105a663eaeec88f38332
  languageName: node
  linkType: hard

"@isaacs/fs-minipass@npm:^4.0.0":
  version: 4.0.1
  resolution: "@isaacs/fs-minipass@npm:4.0.1"
  dependencies:
    minipass: "npm:^7.0.4"
  checksum: 10c0/c25b6dc1598790d5b55c0947a9b7d111cfa92594db5296c3b907e2f533c033666f692a3939eadac17b1c7c40d362d0b0635dc874cbfe3e70db7c2b07cc97a5d2
  languageName: node
  linkType: hard

"@jridgewell/sourcemap-codec@npm:^1.5.5":
  version: 1.5.5
  resolution: "@jridgewell/sourcemap-codec@npm:1.5.5"
  checksum: 10c0/f9e538f302b63c0ebc06eecb1dd9918dd4289ed36147a0ddce35d6ea4d7ebbda243cda7b2213b6a5e1d8087a298d5cf630fb2bd39329cdecb82017023f6081a0
  languageName: node
  linkType: hard

"@lookingglass/webxr-polyfill@npm:^0.1.1":
  version: 0.1.1
  resolution: "@lookingglass/webxr-polyfill@npm:0.1.1"
  dependencies:
    cardboard-vr-display: "npm:^1.0.19"
    gl-matrix: "npm:^2.8.1"
  checksum: 10c0/afcade871129b14d13cc50565ceb8caae033ed1704d11bcdf2a19d8df46613df703cc3071bc0e124d9df63fd9ee1d4fb5b3c4b4f181e9883047a037745e084db
  languageName: node
  linkType: hard

"@lookingglass/webxr@workspace:.":
  version: 0.0.0-use.local
  resolution: "@lookingglass/webxr@workspace:."
  dependencies:
    "@babylonjs/core": "npm:^5.43.2"
    "@babylonjs/loaders": "npm:^5.43.2"
    "@babylonjs/materials": "npm:^5.43.2"
    "@lookingglass/webxr-polyfill": "npm:^0.1.1"
    "@rollup/plugin-replace": "npm:^5.0.1"
    "@rollup/plugin-typescript": "npm:^9.0.2"
    gl-matrix: "npm:^2.8.1"
    holoplay-core: "npm:^0.0.11"
    rollup-plugin-license: "npm:^3.5.1"
    rollup-plugin-typescript-paths: "npm:^1.4.0"
    three: "npm:^0.146.0"
    tslib: "npm:^2.4.1"
    typescript: "npm:^4.8.4"
    vite: "npm:^3.1.2"
    webgl-strict-types: "npm:^1.0.5"
  languageName: unknown
  linkType: soft

"@npmcli/agent@npm:^4.0.0":
  version: 4.0.0
  resolution: "@npmcli/agent@npm:4.0.0"
  dependencies:
    agent-base: "npm:^7.1.0"
    http-proxy-agent: "npm:^7.0.0"
    https-proxy-agent: "npm:^7.0.1"
    lru-cache: "npm:^11.2.1"
    socks-proxy-agent: "npm:^8.0.3"
  checksum: 10c0/f7b5ce0f3dd42c3f8c6546e8433573d8049f67ef11ec22aa4704bc41483122f68bf97752e06302c455ead667af5cb753e6a09bff06632bc465c1cfd4c4b75a53
  languageName: node
  linkType: hard

"@npmcli/fs@npm:^5.0.0":
  version: 5.0.0
  resolution: "@npmcli/fs@npm:5.0.0"
  dependencies:
    semver: "npm:^7.3.5"
  checksum: 10c0/26e376d780f60ff16e874a0ac9bc3399186846baae0b6e1352286385ac134d900cc5dafaded77f38d77f86898fc923ae1cee9d7399f0275b1aa24878915d722b
  languageName: node
  linkType: hard

"@npmcli/redact@npm:^4.0.0":
  version: 4.0.0
  resolution: "@npmcli/redact@npm:4.0.0"
  checksum: 10c0/a1e9ba9c70a6b40e175bda2c3dd8cfdaf096e6b7f7a132c855c083c8dfe545c3237cd56702e2e6627a580b1d63373599d49a1192c4078a85bf47bbde824df31c
  languageName: node
  linkType: hard

"@rollup/plugin-replace@npm:^5.0.1":
  version: 5.0.7
  resolution: "@rollup/plugin-replace@npm:5.0.7"
  dependencies:
    "@rollup/pluginutils": "npm:^5.0.1"
    magic-string: "npm:^0.30.3"
  peerDependencies:
    rollup: ^1.20.0||^2.0.0||^3.0.0||^4.0.0
  peerDependenciesMeta:
    rollup:
      optional: true
  checksum: 10c0/1732af42febdb42d96fd7916b65ca94a550a028d1ea5efa40d5d7a99ab3c336e41efac14a77eefef18b956b4b7335969c6252f2a22bf0223dc8b4a7a53f89ed3
  languageName: node
  linkType: hard

"@rollup/plugin-typescript@npm:^9.0.2":
  version: 9.0.2
  resolution: "@rollup/plugin-typescript@npm:9.0.2"
  dependencies:
    "@rollup/pluginutils": "npm:^5.0.1"
    resolve: "npm:^1.22.1"
  peerDependencies:
    rollup: ^2.14.0||^3.0.0
    tslib: "*"
    typescript: ">=3.7.0"
  peerDependenciesMeta:
    rollup:
      optional: true
    tslib:
      optional: true
  checksum: 10c0/799387ede61c1bd34f6822e9f65dffd465eaa7ed9b3d8797f61497d8ee693bca10c7ec8b664d9f7e47fdf70b9304af12f45a27a8d3f39546001e17f31cf69d93
  languageName: node
  linkType: hard

"@rollup/pluginutils@npm:^5.0.1":
  version: 5.3.0
  resolution: "@rollup/pluginutils@npm:5.3.0"
  dependencies:
    "@types/estree": "npm:^1.0.0"
    estree-walker: "npm:^2.0.2"
    picomatch: "npm:^4.0.2"
  peerDependencies:
    rollup: ^1.20.0||^2.0.0||^3.0.0||^4.0.0
  peerDependenciesMeta:
    rollup:
      optional: true
  checksum: 10c0/001834bf62d7cf5bac424d2617c113f7f7d3b2bf3c1778cbcccb72cdc957b68989f8e7747c782c2b911f1dde8257f56f8ac1e779e29e74e638e3f1e2cac2bcd0
  languageName: node
  linkType: hard

"@types/estree@npm:^1.0.0":
  version: 1.0.8
  resolution: "@types/estree@npm:1.0.8"
  checksum: 10c0/39d34d1afaa338ab9763f37ad6066e3f349444f9052b9676a7cc0252ef9485a41c6d81c9c4e0d26e9077993354edf25efc853f3224dd4b447175ef62bdcc86a5
  languageName: node
  linkType: hard

"abbrev@npm:^4.0.0":
  version: 4.0.0
  resolution: "abbrev@npm:4.0.0"
  checksum: 10c0/b4cc16935235e80702fc90192e349e32f8ef0ed151ef506aa78c81a7c455ec18375c4125414b99f84b2e055199d66383e787675f0bcd87da7a4dbd59f9eac1d5
  languageName: node
  linkType: hard

"agent-base@npm:^7.1.0, agent-base@npm:^7.1.2":
  version: 7.1.4
  resolution: "agent-base@npm:7.1.4"
  checksum: 10c0/c2c9ab7599692d594b6a161559ada307b7a624fa4c7b03e3afdb5a5e31cd0e53269115b620fcab024c5ac6a6f37fa5eb2e004f076ad30f5f7e6b8b671f7b35fe
  languageName: node
  linkType: hard

"array-find-index@npm:^1.0.2":
  version: 1.0.2
  resolution: "array-find-index@npm:1.0.2"
  checksum: 10c0/86b9485c74ddd324feab807e10a6de3f9c1683856267236fac4bb4d4667ada6463e106db3f6c540ae6b720e0442b590ec701d13676df4c6af30ebf4da09b4f57
  languageName: node
  linkType: hard

"balanced-match@npm:^4.0.2":
  version: 4.0.4
  resolution: "balanced-match@npm:4.0.4"
  checksum: 10c0/07e86102a3eb2ee2a6a1a89164f29d0dbaebd28f2ca3f5ca786f36b8b23d9e417eb3be45a4acf754f837be5ac0a2317de90d3fcb7f4f4dc95720a1f36b26a17b
  languageName: node
  linkType: hard

"brace-expansion@npm:^5.0.5":
  version: 5.0.5
  resolution: "brace-expansion@npm:5.0.5"
  dependencies:
    balanced-match: "npm:^4.0.2"
  checksum: 10c0/4d238e14ed4f5cc9c07285550a41cef23121ca08ba99fa9eb5b55b580dcb6bf868b8210aa10526bdc9f8dc97f33ca2a7259039c4cc131a93042beddb424c48e3
  languageName: node
  linkType: hard

"cacache@npm:^20.0.1":
  version: 20.0.4
  resolution: "cacache@npm:20.0.4"
  dependencies:
    "@npmcli/fs": "npm:^5.0.0"
    fs-minipass: "npm:^3.0.0"
    glob: "npm:^13.0.0"
    lru-cache: "npm:^11.1.0"
    minipass: "npm:^7.0.3"
    minipass-collect: "npm:^2.0.1"
    minipass-flush: "npm:^1.0.5"
    minipass-pipeline: "npm:^1.2.4"
    p-map: "npm:^7.0.2"
    ssri: "npm:^13.0.0"
  checksum: 10c0/539bf4020e44ba9ca5afc2ec435623ed7e0dd80c020097677e6b4a0545df5cc9d20b473212d01209c8b4aea43c0d095af0bb6da97bcb991642ea6fac0d7c462b
  languageName: node
  linkType: hard

"cardboard-vr-display@npm:^1.0.19":
  version: 1.0.19
  resolution: "cardboard-vr-display@npm:1.0.19"
  dependencies:
    gl-preserve-state: "npm:^1.0.0"
    nosleep.js: "npm:^0.7.0"
    webvr-polyfill-dpdb: "npm:^1.0.17"
  checksum: 10c0/334bba1c08d9884ea84747227118949c23f3369ce625b957102c3cbf6a0f3faebd6a1be8553f886fd7e4488764c5b9439838659d9063d1588db9bb136a22f056
  languageName: node
  linkType: hard

"cbor-js@npm:^0.1.0":
  version: 0.1.0
  resolution: "cbor-js@npm:0.1.0"
  checksum: 10c0/1204d0eba63ef41546f622175663fad91c681cc9e7cb4e3f09e8be4081b7ecc0ce07b3f2a83004124bdb74c1824693eebf50991e092f6ca7a4bfcf1bd93a785d
  languageName: node
  linkType: hard

"chownr@npm:^3.0.0":
  version: 3.0.0
  resolution: "chownr@npm:3.0.0"
  checksum: 10c0/43925b87700f7e3893296c8e9c56cc58f926411cce3a6e5898136daaf08f08b9a8eb76d37d3267e707d0dcc17aed2e2ebdf5848c0c3ce95cf910a919935c1b10
  languageName: node
  linkType: hard

"commenting@npm:^1.1.0":
  version: 1.1.0
  resolution: "commenting@npm:1.1.0"
  checksum: 10c0/23f9ecb680b561bdd3dba6c9aada0636e42e8804073b623175e6e58bea77d12fcacc6979b009ac5c5a7c8b82590c64d87296827641bf5ac31dd900617b1b84e7
  languageName: node
  linkType: hard

"debug@npm:4, debug@npm:^4.3.4":
  version: 4.4.3
  resolution: "debug@npm:4.4.3"
  dependencies:
    ms: "npm:^2.1.3"
  peerDependenciesMeta:
    supports-color:
      optional: true
  checksum: 10c0/d79136ec6c83ecbefd0f6a5593da6a9c91ec4d7ddc4b54c883d6e71ec9accb5f67a1a5e96d00a328196b5b5c86d365e98d8a3a70856aaf16b4e7b1985e67f5a6
  languageName: node
  linkType: hard

"env-paths@npm:^2.2.0":
  version: 2.2.1
  resolution: "env-paths@npm:2.2.1"
  checksum: 10c0/285325677bf00e30845e330eec32894f5105529db97496ee3f598478e50f008c5352a41a30e5e72ec9de8a542b5a570b85699cd63bd2bc646dbcb9f311d83bc4
  languageName: node
  linkType: hard

"es-errors@npm:^1.3.0":
  version: 1.3.0
  resolution: "es-errors@npm:1.3.0"
  checksum: 10c0/0a61325670072f98d8ae3b914edab3559b6caa980f08054a3b872052640d91da01d38df55df797fcc916389d77fc92b8d5906cf028f4db46d7e3003abecbca85
  languageName: node
  linkType: hard

"esbuild-android-64@npm:0.15.18":
  version: 0.15.18
  resolution: "esbuild-android-64@npm:0.15.18"
  conditions: os=android & cpu=x64
  languageName: node
  linkType: hard

"esbuild-android-arm64@npm:0.15.18":
  version: 0.15.18
  resolution: "esbuild-android-arm64@npm:0.15.18"
  conditions: os=android & cpu=arm64
  languageName: node
  linkType: hard

"esbuild-darwin-64@npm:0.15.18":
  version: 0.15.18
  resolution: "esbuild-darwin-64@npm:0.15.18"
  conditions: os=darwin & cpu=x64
  languageName: node
  linkType: hard

"esbuild-darwin-arm64@npm:0.15.18":
  version: 0.15.18
  resolution: "esbuild-darwin-arm64@npm:0.15.18"
  conditions: os=darwin & cpu=arm64
  languageName: node
  linkType: hard

"esbuild-freebsd-64@npm:0.15.18":
  version: 0.15.18
  resolution: "esbuild-freebsd-64@npm:0.15.18"
  conditions: os=freebsd & cpu=x64
  languageName: node
  linkType: hard

"esbuild-freebsd-arm64@npm:0.15.18":
  version: 0.15.18
  resolution: "esbuild-freebsd-arm64@npm:0.15.18"
  conditions: os=freebsd & cpu=arm64
  languageName: node
  linkType: hard

"esbuild-linux-32@npm:0.15.18":
  version: 0.15.18
  resolution: "esbuild-linux-32@npm:0.15.18"
  conditions: os=linux & cpu=ia32
  languageName: node
  linkType: hard

"esbuild-linux-64@npm:0.15.18":
  version: 0.15.18
  resolution: "esbuild-linux-64@npm:0.15.18"
  conditions: os=linux & cpu=x64
  languageName: node
  linkType: hard

"esbuild-linux-arm64@npm:0.15.18":
  version: 0.15.18
  resolution: "esbuild-linux-arm64@npm:0.15.18"
  conditions: os=linux & cpu=arm64
  languageName: node
  linkType: hard

"esbuild-linux-arm@npm:0.15.18":
  version: 0.15.18
  resolution: "esbuild-linux-arm@npm:0.15.18"
  conditions: os=linux & cpu=arm
  languageName: node
  linkType: hard

"esbuild-linux-mips64le@npm:0.15.18":
  version: 0.15.18
  resolution: "esbuild-linux-mips64le@npm:0.15.18"
  conditions: os=linux & cpu=mips64el
  languageName: node
  linkType: hard

"esbuild-linux-ppc64le@npm:0.15.18":
  version: 0.15.18
  resolution: "esbuild-linux-ppc64le@npm:0.15.18"
  conditions: os=linux & cpu=ppc64
  languageName: node
  linkType: hard

"esbuild-linux-riscv64@npm:0.15.18":
  version: 0.15.18
  resolution: "esbuild-linux-riscv64@npm:0.15.18"
  conditions: os=linux & cpu=riscv64
  languageName: node
  linkType: hard

"esbuild-linux-s390x@npm:0.15.18":
  version: 0.15.18
  resolution: "esbuild-linux-s390x@npm:0.15.18"
  conditions: os=linux & cpu=s390x
  languageName: node
  linkType: hard

"esbuild-netbsd-64@npm:0.15.18":
  version: 0.15.18
  resolution: "esbuild-netbsd-64@npm:0.15.18"
  conditions: os=netbsd & cpu=x64
  languageName: node
  linkType: hard

"esbuild-openbsd-64@npm:0.15.18":
  version: 0.15.18
  resolution: "esbuild-openbsd-64@npm:0.15.18"
  conditions: os=openbsd & cpu=x64
  languageName: node
  linkType: hard

"esbuild-sunos-64@npm:0.15.18":
  version: 0.15.18
  resolution: "esbuild-sunos-64@npm:0.15.18"
  conditions: os=sunos & cpu=x64
  languageName: node
  linkType: hard

"esbuild-windows-32@npm:0.15.18":
  version: 0.15.18
  resolution: "esbuild-windows-32@npm:0.15.18"
  conditions: os=win32 & cpu=ia32
  languageName: node
  linkType: hard

"esbuild-windows-64@npm:0.15.18":
  version: 0.15.18
  resolution: "esbuild-windows-64@npm:0.15.18"
  conditions: os=win32 & cpu=x64
  languageName: node
  linkType: hard

"esbuild-windows-arm64@npm:0.15.18":
  version: 0.15.18
  resolution: "esbuild-windows-arm64@npm:0.15.18"
  conditions: os=win32 & cpu=arm64
  languageName: node
  linkType: hard

"esbuild@npm:^0.15.9":
  version: 0.15.18
  resolution: "esbuild@npm:0.15.18"
  dependencies:
    "@esbuild/android-arm": "npm:0.15.18"
    "@esbuild/linux-loong64": "npm:0.15.18"
    esbuild-android-64: "npm:0.15.18"
    esbuild-android-arm64: "npm:0.15.18"
    esbuild-darwin-64: "npm:0.15.18"
    esbuild-darwin-arm64: "npm:0.15.18"
    esbuild-freebsd-64: "npm:0.15.18"
    esbuild-freebsd-arm64: "npm:0.15.18"
    esbuild-linux-32: "npm:0.15.18"
    esbuild-linux-64: "npm:0.15.18"
    esbuild-linux-arm: "npm:0.15.18"
    esbuild-linux-arm64: "npm:0.15.18"
    esbuild-linux-mips64le: "npm:0.15.18"
    esbuild-linux-ppc64le: "npm:0.15.18"
    esbuild-linux-riscv64: "npm:0.15.18"
    esbuild-linux-s390x: "npm:0.15.18"
    esbuild-netbsd-64: "npm:0.15.18"
    esbuild-openbsd-64: "npm:0.15.18"
    esbuild-sunos-64: "npm:0.15.18"
    esbuild-windows-32: "npm:0.15.18"
    esbuild-windows-64: "npm:0.15.18"
    esbuild-windows-arm64: "npm:0.15.18"
  dependenciesMeta:
    "@esbuild/android-arm":
      optional: true
    "@esbuild/linux-loong64":
      optional: true
    esbuild-android-64:
      optional: true
    esbuild-android-arm64:
      optional: true
    esbuild-darwin-64:
      optional: true
    esbuild-darwin-arm64:
      optional: true
    esbuild-freebsd-64:
      optional: true
    esbuild-freebsd-arm64:
      optional: true
    esbuild-linux-32:
      optional: true
    esbuild-linux-64:
      optional: true
    esbuild-linux-arm:
      optional: true
    esbuild-linux-arm64:
      optional: true
    esbuild-linux-mips64le:
      optional: true
    esbuild-linux-ppc64le:
      optional: true
    esbuild-linux-riscv64:
      optional: true
    esbuild-linux-s390x:
      optional: true
    esbuild-netbsd-64:
      optional: true
    esbuild-openbsd-64:
      optional: true
    esbuild-sunos-64:
      optional: true
    esbuild-windows-32:
      optional: true
    esbuild-windows-64:
      optional: true
    esbuild-windows-arm64:
      optional: true
  bin:
    esbuild: bin/esbuild
  checksum: 10c0/4eb13979ae2e52eab529b79a0f236e03d08a7bd90c46924d60af73ea4de32d819abf916d0fd7a12b4908f91297e1477739f3ea9c53a68fbcc47a08ab173c41b0
  languageName: node
  linkType: hard

"estree-walker@npm:^2.0.2":
  version: 2.0.2
  resolution: "estree-walker@npm:2.0.2"
  checksum: 10c0/53a6c54e2019b8c914dc395890153ffdc2322781acf4bd7d1a32d7aedc1710807bdcd866ac133903d5629ec601fbb50abe8c2e5553c7f5a0afdd9b6af6c945af
  languageName: node
  linkType: hard

"exponential-backoff@npm:^3.1.1":
  version: 3.1.3
  resolution: "exponential-backoff@npm:3.1.3"
  checksum: 10c0/77e3ae682b7b1f4972f563c6dbcd2b0d54ac679e62d5d32f3e5085feba20483cf28bd505543f520e287a56d4d55a28d7874299941faf637e779a1aa5994d1267
  languageName: node
  linkType: hard

"fdir@npm:^6.4.3, fdir@npm:^6.5.0":
  version: 6.5.0
  resolution: "fdir@npm:6.5.0"
  peerDependencies:
    picomatch: ^3 || ^4
  peerDependenciesMeta:
    picomatch:
      optional: true
  checksum: 10c0/e345083c4306b3aed6cb8ec551e26c36bab5c511e99ea4576a16750ddc8d3240e63826cc624f5ae17ad4dc82e68a253213b60d556c11bfad064b7607847ed07f
  languageName: node
  linkType: hard

"fs-minipass@npm:^3.0.0":
  version: 3.0.3
  resolution: "fs-minipass@npm:3.0.3"
  dependencies:
    minipass: "npm:^7.0.3"
  checksum: 10c0/63e80da2ff9b621e2cb1596abcb9207f1cf82b968b116ccd7b959e3323144cce7fb141462200971c38bbf2ecca51695069db45265705bed09a7cd93ae5b89f94
  languageName: node
  linkType: hard

"fsevents@npm:~2.3.2":
  version: 2.3.3
  resolution: "fsevents@npm:2.3.3"
  dependencies:
    node-gyp: "npm:latest"
  checksum: 10c0/a1f0c44595123ed717febbc478aa952e47adfc28e2092be66b8ab1635147254ca6cfe1df792a8997f22716d4cbafc73309899ff7bfac2ac3ad8cf2e4ecc3ec60
  conditions: os=darwin
  languageName: node
  linkType: hard

"fsevents@patch:fsevents@npm%3A~2.3.2#optional!builtin<compat/fsevents>":
  version: 2.3.3
  resolution: "fsevents@patch:fsevents@npm%3A2.3.3#optional!builtin<compat/fsevents>::version=2.3.3&hash=df0bf1"
  dependencies:
    node-gyp: "npm:latest"
  conditions: os=darwin
  languageName: node
  linkType: hard

"function-bind@npm:^1.1.2":
  version: 1.1.2
  resolution: "function-bind@npm:1.1.2"
  checksum: 10c0/d8680ee1e5fcd4c197e4ac33b2b4dce03c71f4d91717292785703db200f5c21f977c568d28061226f9b5900cbcd2c84463646134fd5337e7925e0942bc3f46d5
  languageName: node
  linkType: hard

"gl-matrix@npm:^2.8.1":
  version: 2.8.1
  resolution: "gl-matrix@npm:2.8.1"
  checksum: 10c0/4584d2c73bb5e888804f89aa6b552a1f47a6429df000ea6a60b138a72b89203d8ce09b25e2a2a40ccaf61b859d3c6220aa90daa9af3c21b313278026001978a3
  languageName: node
  linkType: hard

"gl-preserve-state@npm:^1.0.0":
  version: 1.0.0
  resolution: "gl-preserve-state@npm:1.0.0"
  checksum: 10c0/01cc0176346a566a2d40dbe35d7d8e509ce4228b17df22ec896604a4bb08a1c2117a1200b0148bac3d46c2983e2814911d323ed172de11989ac603a07176ac95
  languageName: node
  linkType: hard

"glob@npm:^13.0.0":
  version: 13.0.6
  resolution: "glob@npm:13.0.6"
  dependencies:
    minimatch: "npm:^10.2.2"
    minipass: "npm:^7.1.3"
    path-scurry: "npm:^2.0.2"
  checksum: 10c0/269c236f11a9b50357fe7a8c6aadac667e01deb5242b19c84975628f05f4438d8ee1354bb62c5d6c10f37fd59911b54d7799730633a2786660d8c69f1d18120a
  languageName: node
  linkType: hard

"graceful-fs@npm:^4.2.6":
  version: 4.2.11
  resolution: "graceful-fs@npm:4.2.11"
  checksum: 10c0/386d011a553e02bc594ac2ca0bd6d9e4c22d7fa8cfbfc448a6d148c59ea881b092db9dbe3547ae4b88e55f1b01f7c4a2ecc53b310c042793e63aa44cf6c257f2
  languageName: node
  linkType: hard

"hasown@npm:^2.0.2":
  version: 2.0.2
  resolution: "hasown@npm:2.0.2"
  dependencies:
    function-bind: "npm:^1.1.2"
  checksum: 10c0/3769d434703b8ac66b209a4cca0737519925bbdb61dd887f93a16372b14694c63ff4e797686d87c90f08168e81082248b9b028bad60d4da9e0d1148766f56eb9
  languageName: node
  linkType: hard

"holoplay-core@npm:^0.0.11":
  version: 0.0.11
  resolution: "holoplay-core@npm:0.0.11"
  dependencies:
    cbor-js: "npm:^0.1.0"
    ws: "npm:^7.2.0"
  checksum: 10c0/a789192bfa02c4a9b80315b5eceae08a8a1206d9288786659bf34fc4b5a4b524616a802a556b540849db687757c8a9364409250a65cc49882f5ebf022bf7e1f3
  languageName: node
  linkType: hard

"http-cache-semantics@npm:^4.1.1":
  version: 4.2.0
  resolution: "http-cache-semantics@npm:4.2.0"
  checksum: 10c0/45b66a945cf13ec2d1f29432277201313babf4a01d9e52f44b31ca923434083afeca03f18417f599c9ab3d0e7b618ceb21257542338b57c54b710463b4a53e37
  languageName: node
  linkType: hard

"http-proxy-agent@npm:^7.0.0":
  version: 7.0.2
  resolution: "http-proxy-agent@npm:7.0.2"
  dependencies:
    agent-base: "npm:^7.1.0"
    debug: "npm:^4.3.4"
  checksum: 10c0/4207b06a4580fb85dd6dff521f0abf6db517489e70863dca1a0291daa7f2d3d2d6015a57bd702af068ea5cf9f1f6ff72314f5f5b4228d299c0904135d2aef921
  languageName: node
  linkType: hard

"https-proxy-agent@npm:^7.0.1":
  version: 7.0.6
  resolution: "https-proxy-agent@npm:7.0.6"
  dependencies:
    agent-base: "npm:^7.1.2"
    debug: "npm:4"
  checksum: 10c0/f729219bc735edb621fa30e6e84e60ee5d00802b8247aac0d7b79b0bd6d4b3294737a337b93b86a0bd9e68099d031858a39260c976dc14cdbba238ba1f8779ac
  languageName: node
  linkType: hard

"iconv-lite@npm:^0.7.2":
  version: 0.7.2
  resolution: "iconv-lite@npm:0.7.2"
  dependencies:
    safer-buffer: "npm:>= 2.1.2 < 3.0.0"
  checksum: 10c0/3c228920f3bd307f56bf8363706a776f4a060eb042f131cd23855ceca962951b264d0997ab38a1ad340e1c5df8499ed26e1f4f0db6b2a2ad9befaff22f14b722
  languageName: node
  linkType: hard

"ip-address@npm:^10.0.1":
  version: 10.1.0
  resolution: "ip-address@npm:10.1.0"
  checksum: 10c0/0103516cfa93f6433b3bd7333fa876eb21263912329bfa47010af5e16934eeeff86f3d2ae700a3744a137839ddfad62b900c7a445607884a49b5d1e32a3d7566
  languageName: node
  linkType: hard

"is-core-module@npm:^2.16.1":
  version: 2.16.1
  resolution: "is-core-module@npm:2.16.1"
  dependencies:
    hasown: "npm:^2.0.2"
  checksum: 10c0/898443c14780a577e807618aaae2b6f745c8538eca5c7bc11388a3f2dc6de82b9902bcc7eb74f07be672b11bbe82dd6a6edded44a00cb3d8f933d0459905eedd
  languageName: node
  linkType: hard

"isexe@npm:^4.0.0":
  version: 4.0.0
  resolution: "isexe@npm:4.0.0"
  checksum: 10c0/5884815115bceac452877659a9c7726382531592f43dc29e5d48b7c4100661aed54018cb90bd36cb2eaeba521092570769167acbb95c18d39afdccbcca06c5ce
  languageName: node
  linkType: hard

"lodash@npm:^4.17.21":
  version: 4.18.1
  resolution: "lodash@npm:4.18.1"
  checksum: 10c0/757228fc68805c59789e82185135cf85f05d0b2d3d54631d680ca79ec21944ec8314d4533639a14b8bcfbd97a517e78960933041a5af17ecb693ec6eecb99a27
  languageName: node
  linkType: hard

"lru-cache@npm:^11.0.0, lru-cache@npm:^11.1.0, lru-cache@npm:^11.2.1":
  version: 11.3.5
  resolution: "lru-cache@npm:11.3.5"
  checksum: 10c0/5b54ef7b88afb4bd25b7a778f1b2b1cde32d9770913e530da34ab203cf0442413bcaa6e372800cbab9562557a4480e4d8bf32e3a368bb5a91b12218eca085c66
  languageName: node
  linkType: hard

"magic-string@npm:^0.30.0, magic-string@npm:^0.30.3":
  version: 0.30.21
  resolution: "magic-string@npm:0.30.21"
  dependencies:
    "@jridgewell/sourcemap-codec": "npm:^1.5.5"
  checksum: 10c0/299378e38f9a270069fc62358522ddfb44e94244baa0d6a8980ab2a9b2490a1d03b236b447eee309e17eb3bddfa482c61259d47960eb018a904f0ded52780c4a
  languageName: node
  linkType: hard

"make-fetch-happen@npm:^15.0.0":
  version: 15.0.5
  resolution: "make-fetch-happen@npm:15.0.5"
  dependencies:
    "@gar/promise-retry": "npm:^1.0.0"
    "@npmcli/agent": "npm:^4.0.0"
    "@npmcli/redact": "npm:^4.0.0"
    cacache: "npm:^20.0.1"
    http-cache-semantics: "npm:^4.1.1"
    minipass: "npm:^7.0.2"
    minipass-fetch: "npm:^5.0.0"
    minipass-flush: "npm:^1.0.5"
    minipass-pipeline: "npm:^1.2.4"
    negotiator: "npm:^1.0.0"
    proc-log: "npm:^6.0.0"
    ssri: "npm:^13.0.0"
  checksum: 10c0/527580eb5e5476e6ad07a4e3bd017d13e935f4be815674b442081ae5a721c13d3af5715006619e6be79a85723067e047f83a0c9e699f41d8cec43609a8de4f7b
  languageName: node
  linkType: hard

"minimatch@npm:^10.2.2":
  version: 10.2.5
  resolution: "minimatch@npm:10.2.5"
  dependencies:
    brace-expansion: "npm:^5.0.5"
  checksum: 10c0/6bb058bd6324104b9ec2f763476a35386d05079c1f5fe4fbf1f324a25237cd4534d6813ecd71f48208f4e635c1221899bef94c3c89f7df55698fe373aaae20fd
  languageName: node
  linkType: hard

"minipass-collect@npm:^2.0.1":
  version: 2.0.1
  resolution: "minipass-collect@npm:2.0.1"
  dependencies:
    minipass: "npm:^7.0.3"
  checksum: 10c0/5167e73f62bb74cc5019594709c77e6a742051a647fe9499abf03c71dca75515b7959d67a764bdc4f8b361cf897fbf25e2d9869ee039203ed45240f48b9aa06e
  languageName: node
  linkType: hard

"minipass-fetch@npm:^5.0.0":
  version: 5.0.2
  resolution: "minipass-fetch@npm:5.0.2"
  dependencies:
    iconv-lite: "npm:^0.7.2"
    minipass: "npm:^7.0.3"
    minipass-sized: "npm:^2.0.0"
    minizlib: "npm:^3.0.1"
  dependenciesMeta:
    iconv-lite:
      optional: true
  checksum: 10c0/ce4ab9f21cfabaead2097d95dd33f485af8072fbc6b19611bce694965393453a1639d641c2bcf1c48f2ea7d41ea7fab8278373f1d0bee4e63b0a5b2cdd0ef649
  languageName: node
  linkType: hard

"minipass-flush@npm:^1.0.5":
  version: 1.0.7
  resolution: "minipass-flush@npm:1.0.7"
  dependencies:
    minipass: "npm:^3.0.0"
  checksum: 10c0/960915c02aa0991662c37c404517dd93708d17f96533b2ca8c1e776d158715d8107c5ced425ffc61674c167d93607f07f48a83c139ce1057f8781e5dfb4b90c2
  languageName: node
  linkType: hard

"minipass-pipeline@npm:^1.2.4":
  version: 1.2.4
  resolution: "minipass-pipeline@npm:1.2.4"
  dependencies:
    minipass: "npm:^3.0.0"
  checksum: 10c0/cbda57cea20b140b797505dc2cac71581a70b3247b84480c1fed5ca5ba46c25ecc25f68bfc9e6dcb1a6e9017dab5c7ada5eab73ad4f0a49d84e35093e0c643f2
  languageName: node
  linkType: hard

"minipass-sized@npm:^2.0.0":
  version: 2.0.0
  resolution: "minipass-sized@npm:2.0.0"
  dependencies:
    minipass: "npm:^7.1.2"
  checksum: 10c0/f9201696a6f6d68610d04c9c83e3d2e5cb9c026aae1c8cbf7e17f386105cb79c1bb088dbc21bf0b1eb4f3fb5df384fd1e7aa3bf1f33868c416ae8c8a92679db8
  languageName: node
  linkType: hard

"minipass@npm:^3.0.0":
  version: 3.3.6
  resolution: "minipass@npm:3.3.6"
  dependencies:
    yallist: "npm:^4.0.0"
  checksum: 10c0/a114746943afa1dbbca8249e706d1d38b85ed1298b530f5808ce51f8e9e941962e2a5ad2e00eae7dd21d8a4aae6586a66d4216d1a259385e9d0358f0c1eba16c
  languageName: node
  linkType: hard

"minipass@npm:^7.0.2, minipass@npm:^7.0.3, minipass@npm:^7.0.4, minipass@npm:^7.1.2, minipass@npm:^7.1.3":
  version: 7.1.3
  resolution: "minipass@npm:7.1.3"
  checksum: 10c0/539da88daca16533211ea5a9ee98dc62ff5742f531f54640dd34429e621955e91cc280a91a776026264b7f9f6735947629f920944e9c1558369e8bf22eb33fbb
  languageName: node
  linkType: hard

"minizlib@npm:^3.0.1, minizlib@npm:^3.1.0":
  version: 3.1.0
  resolution: "minizlib@npm:3.1.0"
  dependencies:
    minipass: "npm:^7.1.2"
  checksum: 10c0/5aad75ab0090b8266069c9aabe582c021ae53eb33c6c691054a13a45db3b4f91a7fb1bd79151e6b4e9e9a86727b522527c0a06ec7d45206b745d54cd3097bcec
  languageName: node
  linkType: hard

"moment@npm:^2.30.1":
  version: 2.30.1
  resolution: "moment@npm:2.30.1"
  checksum: 10c0/865e4279418c6de666fca7786607705fd0189d8a7b7624e2e56be99290ac846f90878a6f602e34b4e0455c549b85385b1baf9966845962b313699e7cb847543a
  languageName: node
  linkType: hard

"ms@npm:^2.1.3":
  version: 2.1.3
  resolution: "ms@npm:2.1.3"
  checksum: 10c0/d924b57e7312b3b63ad21fc5b3dc0af5e78d61a1fc7cfb5457edaf26326bf62be5307cc87ffb6862ef1c2b33b0233cdb5d4f01c4c958cc0d660948b65a287a48
  languageName: node
  linkType: hard

"nanoid@npm:^3.3.11":
  version: 3.3.11
  resolution: "nanoid@npm:3.3.11"
  bin:
    nanoid: bin/nanoid.cjs
  checksum: 10c0/40e7f70b3d15f725ca072dfc4f74e81fcf1fbb02e491cf58ac0c79093adc9b0a73b152bcde57df4b79cd097e13023d7504acb38404a4da7bc1cd8e887b82fe0b
  languageName: node
  linkType: hard

"negotiator@npm:^1.0.0":
  version: 1.0.0
  resolution: "negotiator@npm:1.0.0"
  checksum: 10c0/4c559dd52669ea48e1914f9d634227c561221dd54734070791f999c52ed0ff36e437b2e07d5c1f6e32909fc625fe46491c16e4a8f0572567d4dd15c3a4fda04b
  languageName: node
  linkType: hard

"node-gyp@npm:latest":
  version: 12.2.0
  resolution: "node-gyp@npm:12.2.0"
  dependencies:
    env-paths: "npm:^2.2.0"
    exponential-backoff: "npm:^3.1.1"
    graceful-fs: "npm:^4.2.6"
    make-fetch-happen: "npm:^15.0.0"
    nopt: "npm:^9.0.0"
    proc-log: "npm:^6.0.0"
    semver: "npm:^7.3.5"
    tar: "npm:^7.5.4"
    tinyglobby: "npm:^0.2.12"
    which: "npm:^6.0.0"
  bin:
    node-gyp: bin/node-gyp.js
  checksum: 10c0/3ed046746a5a7d90950cd8b0547332b06598443f31fe213ef4332a7174c7b7d259e1704835feda79b87d3f02e59d7791842aac60642ede4396ab25fdf0f8f759
  languageName: node
  linkType: hard

"nopt@npm:^9.0.0":
  version: 9.0.0
  resolution: "nopt@npm:9.0.0"
  dependencies:
    abbrev: "npm:^4.0.0"
  bin:
    nopt: bin/nopt.js
  checksum: 10c0/1822eb6f9b020ef6f7a7516d7b64a8036e09666ea55ac40416c36e4b2b343122c3cff0e2f085675f53de1d2db99a2a89a60ccea1d120bcd6a5347bf6ceb4a7fd
  languageName: node
  linkType: hard

"nosleep.js@npm:^0.7.0":
  version: 0.7.0
  resolution: "nosleep.js@npm:0.7.0"
  checksum: 10c0/ab71d46a4f257eaa30d1bf7c7e062c720db14ee353c3b955be140c21fd024a0335f4046fa742310446b70c45e3affd29d5cebb41d38d963668e63658f839f717
  languageName: node
  linkType: hard

"p-map@npm:^7.0.2":
  version: 7.0.4
  resolution: "p-map@npm:7.0.4"
  checksum: 10c0/a5030935d3cb2919d7e89454d1ce82141e6f9955413658b8c9403cfe379283770ed3048146b44cde168aa9e8c716505f196d5689db0ae3ce9a71521a2fef3abd
  languageName: node
  linkType: hard

"package-name-regex@npm:^2.0.6":
  version: 2.0.6
  resolution: "package-name-regex@npm:2.0.6"
  checksum: 10c0/f0d2446983d9e4fcd21e983a38b30d5d4728f7e3613392c455ba00e3b6ddfbde12b91955c8f4e15a7f72851bd619af4832313eae4b52aedb88cf84024a5224a3
  languageName: node
  linkType: hard

"path-parse@npm:^1.0.7":
  version: 1.0.7
  resolution: "path-parse@npm:1.0.7"
  checksum: 10c0/11ce261f9d294cc7a58d6a574b7f1b935842355ec66fba3c3fd79e0f036462eaf07d0aa95bb74ff432f9afef97ce1926c720988c6a7451d8a584930ae7de86e1
  languageName: node
  linkType: hard

"path-scurry@npm:^2.0.2":
  version: 2.0.2
  resolution: "path-scurry@npm:2.0.2"
  dependencies:
    lru-cache: "npm:^11.0.0"
    minipass: "npm:^7.1.2"
  checksum: 10c0/b35ad37cf6557a87fd057121ce2be7695380c9138d93e87ae928609da259ea0a170fac6f3ef1eb3ece8a068e8b7f2f3adf5bb2374cf4d4a57fe484954fcc9482
  languageName: node
  linkType: hard

"picocolors@npm:^1.1.1":
  version: 1.1.1
  resolution: "picocolors@npm:1.1.1"
  checksum: 10c0/e2e3e8170ab9d7c7421969adaa7e1b31434f789afb9b3f115f6b96d91945041ac3ceb02e9ec6fe6510ff036bcc0bf91e69a1772edc0b707e12b19c0f2d6bcf58
  languageName: node
  linkType: hard

"picomatch@npm:^4.0.2, picomatch@npm:^4.0.4":
  version: 4.0.4
  resolution: "picomatch@npm:4.0.4"
  checksum: 10c0/e2c6023372cc7b5764719a5ffb9da0f8e781212fa7ca4bd0562db929df8e117460f00dff3cb7509dacfc06b86de924b247f504d0ce1806a37fac4633081466b0
  languageName: node
  linkType: hard

"postcss@npm:^8.4.18":
  version: 8.5.10
  resolution: "postcss@npm:8.5.10"
  dependencies:
    nanoid: "npm:^3.3.11"
    picocolors: "npm:^1.1.1"
    source-map-js: "npm:^1.2.1"
  checksum: 10c0/c592dffa0c4873b401f01955b265538d9942f425040df5e2b8f0ad34c83773a792ea0fa5859ccc99cfb5b955b4ebff118ab7056315388dc83b107b0fa8313576
  languageName: node
  linkType: hard

"proc-log@npm:^6.0.0":
  version: 6.1.0
  resolution: "proc-log@npm:6.1.0"
  checksum: 10c0/4f178d4062733ead9d71a9b1ab24ebcecdfe2250916a5b1555f04fe2eda972a0ec76fbaa8df1ad9c02707add6749219d118a4fc46dc56bdfe4dde4b47d80bb82
  languageName: node
  linkType: hard

"resolve@npm:^1.22.1":
  version: 1.22.12
  resolution: "resolve@npm:1.22.12"
  dependencies:
    es-errors: "npm:^1.3.0"
    is-core-module: "npm:^2.16.1"
    path-parse: "npm:^1.0.7"
    supports-preserve-symlinks-flag: "npm:^1.0.0"
  bin:
    resolve: bin/resolve
  checksum: 10c0/b16dc9b537c02e8c3388f7d3dcff9741d3071625f9a97ac1c885f2b0ca51e78df22328fb6d6ef214dd9101fb7cfc19aa2836fe3410402a94f3f7b8639c7149bf
  languageName: node
  linkType: hard

"resolve@patch:resolve@npm%3A^1.22.1#optional!builtin<compat/resolve>":
  version: 1.22.12
  resolution: "resolve@patch:resolve@npm%3A1.22.12#optional!builtin<compat/resolve>::version=1.22.12&hash=c3c19d"
  dependencies:
    es-errors: "npm:^1.3.0"
    is-core-module: "npm:^2.16.1"
    path-parse: "npm:^1.0.7"
    supports-preserve-symlinks-flag: "npm:^1.0.0"
  bin:
    resolve: bin/resolve
  checksum: 10c0/fc6519984ae1f894d877c0060ba8b1f5ba3bc0e85a02f74e141929c118c23d74d9735619a9cc2965397387e514884245c65d72a40731dcb6cfc84c7bcdc8321e
  languageName: node
  linkType: hard

"rollup-plugin-license@npm:^3.5.1":
  version: 3.7.1
  resolution: "rollup-plugin-license@npm:3.7.1"
  dependencies:
    commenting: "npm:^1.1.0"
    fdir: "npm:^6.4.3"
    lodash: "npm:^4.17.21"
    magic-string: "npm:^0.30.0"
    moment: "npm:^2.30.1"
    package-name-regex: "npm:^2.0.6"
    spdx-expression-validate: "npm:^2.0.0"
    spdx-satisfies: "npm:^5.0.1"
  peerDependencies:
    rollup: ^1.0.0 || ^2.0.0 || ^3.0.0 || ^4.0.0
  checksum: 10c0/10bac732d1eeacba5614a27fe43931c618c14e754b904fd3e1cf0e10a685ff4fd1e3a712310ae010e68648e98aa5db8c291b7928370dc657745c1970294f7905
  languageName: node
  linkType: hard

"rollup-plugin-typescript-paths@npm:^1.4.0":
  version: 1.5.0
  resolution: "rollup-plugin-typescript-paths@npm:1.5.0"
  peerDependencies:
    typescript: ">=3.4"
  checksum: 10c0/fcdd028ab965f2e76f100ae70554409527c3047ee4a4d1de17008baec491f3f2e93143a7f604e8bd818bb0b59f9c7d2460056549767969b95129fc3c12a0afc1
  languageName: node
  linkType: hard

"rollup@npm:^2.79.1":
  version: 2.80.0
  resolution: "rollup@npm:2.80.0"
  dependencies:
    fsevents: "npm:~2.3.2"
  dependenciesMeta:
    fsevents:
      optional: true
  bin:
    rollup: dist/bin/rollup
  checksum: 10c0/48ad7b79a4ef9332cf90692d28c05f904132820964f012941372ec4f31c18635e1b7909823058964fb2b216154713bfbe82ec00920d71b15f3fe13bb9df3eac8
  languageName: node
  linkType: hard

"safer-buffer@npm:>= 2.1.2 < 3.0.0":
  version: 2.1.2
  resolution: "safer-buffer@npm:2.1.2"
  checksum: 10c0/7e3c8b2e88a1841c9671094bbaeebd94448111dd90a81a1f606f3f67708a6ec57763b3b47f06da09fc6054193e0e6709e77325415dc8422b04497a8070fa02d4
  languageName: node
  linkType: hard

"semver@npm:^7.3.5":
  version: 7.7.4
  resolution: "semver@npm:7.7.4"
  bin:
    semver: bin/semver.js
  checksum: 10c0/5215ad0234e2845d4ea5bb9d836d42b03499546ddafb12075566899fc617f68794bb6f146076b6881d755de17d6c6cc73372555879ec7dce2c2feee947866ad2
  languageName: node
  linkType: hard

"smart-buffer@npm:^4.2.0":
  version: 4.2.0
  resolution: "smart-buffer@npm:4.2.0"
  checksum: 10c0/a16775323e1404dd43fabafe7460be13a471e021637bc7889468eb45ce6a6b207261f454e4e530a19500cc962c4cc5348583520843b363f4193cee5c00e1e539
  languageName: node
  linkType: hard

"socks-proxy-agent@npm:^8.0.3":
  version: 8.0.5
  resolution: "socks-proxy-agent@npm:8.0.5"
  dependencies:
    agent-base: "npm:^7.1.2"
    debug: "npm:^4.3.4"
    socks: "npm:^2.8.3"
  checksum: 10c0/5d2c6cecba6821389aabf18728325730504bf9bb1d9e342e7987a5d13badd7a98838cc9a55b8ed3cb866ad37cc23e1086f09c4d72d93105ce9dfe76330e9d2a6
  languageName: node
  linkType: hard

"socks@npm:^2.8.3":
  version: 2.8.7
  resolution: "socks@npm:2.8.7"
  dependencies:
    ip-address: "npm:^10.0.1"
    smart-buffer: "npm:^4.2.0"
  checksum: 10c0/2805a43a1c4bcf9ebf6e018268d87b32b32b06fbbc1f9282573583acc155860dc361500f89c73bfbb157caa1b4ac78059eac0ef15d1811eb0ca75e0bdadbc9d2
  languageName: node
  linkType: hard

"source-map-js@npm:^1.2.1":
  version: 1.2.1
  resolution: "source-map-js@npm:1.2.1"
  checksum: 10c0/7bda1fc4c197e3c6ff17de1b8b2c20e60af81b63a52cb32ec5a5d67a20a7d42651e2cb34ebe93833c5a2a084377e17455854fee3e21e7925c64a51b6a52b0faf
  languageName: node
  linkType: hard

"spdx-compare@npm:^1.0.0":
  version: 1.0.0
  resolution: "spdx-compare@npm:1.0.0"
  dependencies:
    array-find-index: "npm:^1.0.2"
    spdx-expression-parse: "npm:^3.0.0"
    spdx-ranges: "npm:^2.0.0"
  checksum: 10c0/39d584129b00eaf0bb314984e5d662e511980c1fc6c4eb1d80677044a7b2b9cc3f84f6838695cf988807bf81ea0fce7438e33b0ee54fa87d302635bd143b7fc7
  languageName: node
  linkType: hard

"spdx-exceptions@npm:^2.1.0":
  version: 2.5.0
  resolution: "spdx-exceptions@npm:2.5.0"
  checksum: 10c0/37217b7762ee0ea0d8b7d0c29fd48b7e4dfb94096b109d6255b589c561f57da93bf4e328c0290046115961b9209a8051ad9f525e48d433082fc79f496a4ea940
  languageName: node
  linkType: hard

"spdx-expression-parse@npm:^3.0.0":
  version: 3.0.1
  resolution: "spdx-expression-parse@npm:3.0.1"
  dependencies:
    spdx-exceptions: "npm:^2.1.0"
    spdx-license-ids: "npm:^3.0.0"
  checksum: 10c0/6f8a41c87759fa184a58713b86c6a8b028250f158159f1d03ed9d1b6ee4d9eefdc74181c8ddc581a341aa971c3e7b79e30b59c23b05d2436d5de1c30bdef7171
  languageName: node
  linkType: hard

"spdx-expression-validate@npm:^2.0.0":
  version: 2.0.0
  resolution: "spdx-expression-validate@npm:2.0.0"
  dependencies:
    spdx-expression-parse: "npm:^3.0.0"
  checksum: 10c0/fd1e8555e034be72c3a52bd306d04e6035e5d257bea6d39a77d391d236700d32a4647bd1391fc1eaa50c22a67aba6d1004a7569af02e499c8a3afda0bcdb6144
  languageName: node
  linkType: hard

"spdx-license-ids@npm:^3.0.0":
  version: 3.0.23
  resolution: "spdx-license-ids@npm:3.0.23"
  checksum: 10c0/8495620f6f2a237749cce922ea2d593a66f7885c301b1a0f5542183e7041182f27f616a8f13345cefdea0c9b3e0899328e0aa8cec100cf4f3fac4bb3bd975515
  languageName: node
  linkType: hard

"spdx-ranges@npm:^2.0.0":
  version: 2.1.1
  resolution: "spdx-ranges@npm:2.1.1"
  checksum: 10c0/2d6bf9ec8e0f509c1a119361ff784f0bfa8ebbd8cfbc8e10f79579def54af060bb5058b36372f19770e659051082c451145c1284d2980419a720675accdb4a3d
  languageName: node
  linkType: hard

"spdx-satisfies@npm:^5.0.1":
  version: 5.0.1
  resolution: "spdx-satisfies@npm:5.0.1"
  dependencies:
    spdx-compare: "npm:^1.0.0"
    spdx-expression-parse: "npm:^3.0.0"
    spdx-ranges: "npm:^2.0.0"
  checksum: 10c0/47bf163108e64fe4c179a5e2f8dc5fd4ece1665739fc61eae3157a9d4b9b2eb389df7f645223192557659155dda9071ceaa3dfd06ecab65cc3862032c20f2e61
  languageName: node
  linkType: hard

"ssri@npm:^13.0.0":
  version: 13.0.1
  resolution: "ssri@npm:13.0.1"
  dependencies:
    minipass: "npm:^7.0.3"
  checksum: 10c0/cf6408a18676c57ff2ed06b8a20dc64bb3e748e5c7e095332e6aecaa2b8422b1e94a739a8453bf65156a8a47afe23757ba4ab52d3ea3b62322dc40875763e17a
  languageName: node
  linkType: hard

"supports-preserve-symlinks-flag@npm:^1.0.0":
  version: 1.0.0
  resolution: "supports-preserve-symlinks-flag@npm:1.0.0"
  checksum: 10c0/6c4032340701a9950865f7ae8ef38578d8d7053f5e10518076e6554a9381fa91bd9c6850193695c141f32b21f979c985db07265a758867bac95de05f7d8aeb39
  languageName: node
  linkType: hard

"tar@npm:^7.5.4":
  version: 7.5.13
  resolution: "tar@npm:7.5.13"
  dependencies:
    "@isaacs/fs-minipass": "npm:^4.0.0"
    chownr: "npm:^3.0.0"
    minipass: "npm:^7.1.2"
    minizlib: "npm:^3.1.0"
    yallist: "npm:^5.0.0"
  checksum: 10c0/5c65b8084799bde7a791593a1c1a45d3d6ee98182e3700b24c247b7b8f8654df4191642abbdb07ff25043d45dcff35620827c3997b88ae6c12040f64bed5076b
  languageName: node
  linkType: hard

"three@npm:^0.146.0":
  version: 0.146.0
  resolution: "three@npm:0.146.0"
  checksum: 10c0/dcb2e358595ff4843914a29caafac5dbac8ca50b50602ae75e1aca9e40533ac43cba7905610dd734d4ec13155453302ca64ec6806a02380be50079e6e8a7dad4
  languageName: node
  linkType: hard

"tinyglobby@npm:^0.2.12":
  version: 0.2.16
  resolution: "tinyglobby@npm:0.2.16"
  dependencies:
    fdir: "npm:^6.5.0"
    picomatch: "npm:^4.0.4"
  checksum: 10c0/f2e09fd93dd95c41e522113b686ff6f7c13020962f8698a864a257f3d7737599afc47722b7ab726e12f8a813f779906187911ff8ee6701ede65072671a7e934b
  languageName: node
  linkType: hard

"tslib@npm:^2.4.1":
  version: 2.8.1
  resolution: "tslib@npm:2.8.1"
  checksum: 10c0/9c4759110a19c53f992d9aae23aac5ced636e99887b51b9e61def52611732872ff7668757d4e4c61f19691e36f4da981cd9485e869b4a7408d689f6bf1f14e62
  languageName: node
  linkType: hard

"typescript@npm:^4.8.4":
  version: 4.9.5
  resolution: "typescript@npm:4.9.5"
  bin:
    tsc: bin/tsc
    tsserver: bin/tsserver
  checksum: 10c0/5f6cad2e728a8a063521328e612d7876e12f0d8a8390d3b3aaa452a6a65e24e9ac8ea22beb72a924fd96ea0a49ea63bb4e251fb922b12eedfb7f7a26475e5c56
  languageName: node
  linkType: hard

"typescript@patch:typescript@npm%3A^4.8.4#optional!builtin<compat/typescript>":
  version: 4.9.5
  resolution: "typescript@patch:typescript@npm%3A4.9.5#optional!builtin<compat/typescript>::version=4.9.5&hash=289587"
  bin:
    tsc: bin/tsc
    tsserver: bin/tsserver
  checksum: 10c0/e3333f887c6829dfe0ab6c1dbe0dd1e3e2aeb56c66460cb85c5440c566f900c833d370ca34eb47558c0c69e78ced4bfe09b8f4f98b6de7afed9b84b8d1dd06a1
  languageName: node
  linkType: hard

"vite@npm:^3.1.2":
  version: 3.2.11
  resolution: "vite@npm:3.2.11"
  dependencies:
    esbuild: "npm:^0.15.9"
    fsevents: "npm:~2.3.2"
    postcss: "npm:^8.4.18"
    resolve: "npm:^1.22.1"
    rollup: "npm:^2.79.1"
  peerDependencies:
    "@types/node": ">= 14"
    less: "*"
    sass: "*"
    stylus: "*"
    sugarss: "*"
    terser: ^5.4.0
  dependenciesMeta:
    fsevents:
      optional: true
  peerDependenciesMeta:
    "@types/node":
      optional: true
    less:
      optional: true
    sass:
      optional: true
    stylus:
      optional: true
    sugarss:
      optional: true
    terser:
      optional: true
  bin:
    vite: bin/vite.js
  checksum: 10c0/c58eb2bd126b85e1a79e4d29069d22d063a7aee767ead833981b24c9206d0ae220b18139b06f1f9b17823ee23ab1e956e043a863a3d19882bd48b67c78a28921
  languageName: node
  linkType: hard

"webgl-strict-types@npm:^1.0.5":
  version: 1.0.5
  resolution: "webgl-strict-types@npm:1.0.5"
  checksum: 10c0/d1e1eb2c9edbf9f358ae4795bca60a1a49578fc7a424c59994eec21232d418d00fec7cbc7de5921ce2c386c07df252a962be5cdb817499140d8317f66c482307
  languageName: node
  linkType: hard

"webvr-polyfill-dpdb@npm:^1.0.17":
  version: 1.0.18
  resolution: "webvr-polyfill-dpdb@npm:1.0.18"
  checksum: 10c0/f6a2a9dd31b15f31cdf02c1087c88acf5b9d68e32d1899e1c7e2381c71b39263048e469596b3ac7c249cdbeff1c71761a6a6b856eeef18a42e7ff59429a2d5fa
  languageName: node
  linkType: hard

"which@npm:^6.0.0":
  version: 6.0.1
  resolution: "which@npm:6.0.1"
  dependencies:
    isexe: "npm:^4.0.0"
  bin:
    node-which: bin/which.js
  checksum: 10c0/7e710e54ea36d2d6183bee2f9caa27a3b47b9baf8dee55a199b736fcf85eab3b9df7556fca3d02b50af7f3dfba5ea3a45644189836df06267df457e354da66d5
  languageName: node
  linkType: hard

"ws@npm:^7.2.0":
  version: 7.5.10
  resolution: "ws@npm:7.5.10"
  peerDependencies:
    bufferutil: ^4.0.1
    utf-8-validate: ^5.0.2
  peerDependenciesMeta:
    bufferutil:
      optional: true
    utf-8-validate:
      optional: true
  checksum: 10c0/bd7d5f4aaf04fae7960c23dcb6c6375d525e00f795dd20b9385902bd008c40a94d3db3ce97d878acc7573df852056ca546328b27b39f47609f80fb22a0a9b61d
  languageName: node
  linkType: hard

"yallist@npm:^4.0.0":
  version: 4.0.0
  resolution: "yallist@npm:4.0.0"
  checksum: 10c0/2286b5e8dbfe22204ab66e2ef5cc9bbb1e55dfc873bbe0d568aa943eb255d131890dfd5bf243637273d31119b870f49c18fcde2c6ffbb7a7a092b870dc90625a
  languageName: node
  linkType: hard

"yallist@npm:^5.0.0":
  version: 5.0.0
  resolution: "yallist@npm:5.0.0"
  checksum: 10c0/a499c81ce6d4a1d260d4ea0f6d49ab4da09681e32c3f0472dee16667ed69d01dae63a3b81745a24bd78476ec4fcf856114cb4896ace738e01da34b2c42235416
  languageName: node
  linkType: hard
